
Microsoft Visual Studio Solution File, Format Version 11.00
# Visual Studio 2010
Project("{2150E333-8FDC-42A3-9474-1A3956D46DE8}") = "examples", "examples", "{77323006-68A9-46B3-8AC5-8E90CB788D46}"
EndProject
Project("{8BC9CEB8-8B4A-11D0-8D11-00A0C91BC942}") = "example.c.main.1", "examples\c\example.c.main.1\vc10\example.c.main.1.vcxproj", "{FE76398B-16F2-EC0C-E932-628A27594A05}"
EndProject
Project("{8BC9CEB8-8B4A-11D0-8D11-00A0C91BC942}") = "example.c.main.2", "examples\c\example.c.main.2\vc10\example.c.main.2.vcxproj", "{D56F5282-DC2F-F6B7-6A38-F1F81A032C8F}"
EndProject
Project("{8BC9CEB8-8B4A-11D0-8D11-00A0C91BC942}") = "example.cpp.main.1", "examples\cpp\example.cpp.main.1\vc10\example.cpp.main.1.vcxproj", "{7150AD3C-B40A-3619-3E11-70DFDDB9430A}"
EndProject
Project("{8BC9CEB8-8B4A-11D0-8D11-00A0C91BC942}") = "example.cpp.main.2", "examples\cpp\example.cpp.main.2\vc10\example.cpp.main.2.vcxproj", "{44748ACC-C92E-1AFF-4A0F-950662094F3C}"
EndProject
Project("{8BC9CEB8-8B4A-11D0-8D11-00A0C91BC942}") = "example.cpp.main.MFC", "examples\cpp\example.cpp.main.MFC\vc10\example.cpp.main.MFC.vcxproj", "{5749A37F-D844-AFD5-5C23-92AAA1192857}"
EndProject
Project("{8BC9CEB8-8B4A-11D0-8D11-00A0C91BC942}") = "example.cpp.wmain", "examples\cpp\example.cpp.wmain\vc10\example.cpp.wmain.vcxproj", "{3FF90D09-ECBB-8530-5B70-F65629336673}"
EndProject
Project("{2150E333-8FDC-42A3-9474-1A3956D46DE8}") = "libs", "libs", "{FDBBC255-D3E2-4D77-996C-D92ADEF406B3}"
EndProject
Project("{2150E333-8FDC-42A3-9474-1A3956D46DE8}") = "Solution Items", "Solution Items", "{EC237852-A5CC-4812-B915-9537069A775A}"
	ProjectSection(SolutionItems) = preProject
		LICENSE = LICENSE
		README.md = README.md
	EndProjectSection
EndProject
Project("{2150E333-8FDC-42A3-9474-1A3956D46DE8}") = "_internal", "_internal", "{89F347B2-5D06-4554-AC89-47F10087F18C}"
EndProject
Project("{2150E333-8FDC-42A3-9474-1A3956D46DE8}") = "dist-src", "dist-src", "{2F3633E4-032B-49BB-8EC1-FBB52FEAD630}"
EndProject
Project("{2150E333-8FDC-42A3-9474-1A3956D46DE8}") = "projects", "projects", "{129DEE78-3085-4D70-B4C7-7AAB0426FB36}"
EndProject
Project("{2150E333-8FDC-42A3-9474-1A3956D46DE8}") = "vcprops", "vcprops", "{13F646D8-EC08-4E48-B152-22B8085D3FF0}"
EndProject
Project("{2150E333-8FDC-42A3-9474-1A3956D46DE8}") = "test", "test", "{8FC95192-A3F4-4684-941E-5A9222645E28}"
EndProject
Project("{2150E333-8FDC-42A3-9474-1A3956D46DE8}") = "component", "component", "{9193BDE8-B5FE-4B6E-9223-BF937522F979}"
EndProject
Project("{2150E333-8FDC-42A3-9474-1A3956D46DE8}") = "performance", "performance", "{B30176FA-CD81-4C60-9A7C-D98F04F7FA4B}"
EndProject
Project("{2150E333-8FDC-42A3-9474-1A3956D46DE8}") = "scratch", "scratch", "{0BEE787C-7B8F-41BB-8217-DB080EAF6CEE}"
EndProject
Project("{2150E333-8FDC-42A3-9474-1A3956D46DE8}") = "unit", "unit", "{CDDE05A5-5A0F-40F9-B3B1-E328E6DDFF5C}"
EndProject
Project("{8BC9CEB8-8B4A-11D0-8D11-00A0C91BC942}") = "test.unit.cpp.main.1", "test\unit\cpp\test.unit.cpp.main.1\vc10\test.unit.cpp.main.1.vcxproj", "{4CAE02FA-1859-968B-DF35-1AE25987CE90}"
EndProject
Global
	GlobalSection(SolutionConfigurationPlatforms) = preSolution
		Debug Multithreaded DLL|Win32 = Debug Multithreaded DLL|Win32
		Debug Multithreaded DLL|x64 = Debug Multithreaded DLL|x64
		Debug Multithreaded|Win32 = Debug Multithreaded|Win32
		Debug Multithreaded|x64 = Debug Multithreaded|x64
		Release Multithreaded DLL|Win32 = Release Multithreaded DLL|Win32
		Release Multithreaded DLL|x64 = Release Multithreaded DLL|x64
		Release Multithreaded|Win32 = Release Multithreaded|Win32
		Release Multithreaded|x64 = Release Multithreaded|x64
		Unicode Debug Multithreaded wmain|Win32 = Unicode Debug Multithreaded wmain|Win32
		Unicode Debug Multithreaded wmain|x64 = Unicode Debug Multithreaded wmain|x64
		Unicode Debug Multithreaded|Win32 = Unicode Debug Multithreaded|Win32
		Unicode Debug Multithreaded|x64 = Unicode Debug Multithreaded|x64
		Unicode Release Multithreaded wmain|Win32 = Unicode Release Multithreaded wmain|Win32
		Unicode Release Multithreaded wmain|x64 = Unicode Release Multithreaded wmain|x64
		Unicode Release Multithreaded|Win32 = Unicode Release Multithreaded|Win32
		Unicode Release Multithreaded|x64 = Unicode Release Multithreaded|x64
	EndGlobalSection
	GlobalSection(ProjectConfigurationPlatforms) = postSolution
		{FE76398B-16F2-EC0C-E932-628A27594A05}.Debug Multithreaded DLL|Win32.ActiveCfg = Debug Multithreaded|Win32
		{FE76398B-16F2-EC0C-E932-628A27594A05}.Debug Multithreaded DLL|x64.ActiveCfg = Debug Multithreaded|x64
		{FE76398B-16F2-EC0C-E932-628A27594A05}.Debug Multithreaded|Win32.ActiveCfg = Debug Multithreaded|Win32
		{FE76398B-16F2-EC0C-E932-628A27594A05}.Debug Multithreaded|Win32.Build.0 = Debug Multithreaded|Win32
		{FE76398B-16F2-EC0C-E932-628A27594A05}.Debug Multithreaded|x64.ActiveCfg = Debug Multithreaded|x64
		{FE76398B-16F2-EC0C-E932-628A27594A05}.Debug Multithreaded|x64.Build.0 = Debug Multithreaded|x64
		{FE76398B-16F2-EC0C-E932-628A27594A05}.Release Multithreaded DLL|Win32.ActiveCfg = Release Multithreaded|Win32
		{FE76398B-16F2-EC0C-E932-628A27594A05}.Release Multithreaded DLL|x64.ActiveCfg = Release Multithreaded|x64
		{FE76398B-16F2-EC0C-E932-628A27594A05}.Release Multithreaded|Win32.ActiveCfg = Release Multithreaded|Win32
		{FE76398B-16F2-EC0C-E932-628A27594A05}.Release Multithreaded|Win32.Build.0 = Release Multithreaded|Win32
		{FE76398B-16F2-EC0C-E932-628A27594A05}.Release Multithreaded|x64.ActiveCfg = Release Multithreaded|x64
		{FE76398B-16F2-EC0C-E932-628A27594A05}.Release Multithreaded|x64.Build.0 = Release Multithreaded|x64
		{FE76398B-16F2-EC0C-E932-628A27594A05}.Unicode Debug Multithreaded wmain|Win32.ActiveCfg = Unicode Debug Multithreaded|Win32
		{FE76398B-16F2-EC0C-E932-628A27594A05}.Unicode Debug Multithreaded wmain|x64.ActiveCfg = Unicode Debug Multithreaded|x64
		{FE76398B-16F2-EC0C-E932-628A27594A05}.Unicode Debug Multithreaded|Win32.ActiveCfg = Unicode Debug Multithreaded|Win32
		{FE76398B-16F2-EC0C-E932-628A27594A05}.Unicode Debug Multithreaded|Win32.Build.0 = Unicode Debug Multithreaded|Win32
		{FE76398B-16F2-EC0C-E932-628A27594A05}.Unicode Debug Multithreaded|x64.ActiveCfg = Unicode Debug Multithreaded|x64
		{FE76398B-16F2-EC0C-E932-628A27594A05}.Unicode Debug Multithreaded|x64.Build.0 = Unicode Debug Multithreaded|x64
		{FE76398B-16F2-EC0C-E932-628A27594A05}.Unicode Release Multithreaded wmain|Win32.ActiveCfg = Unicode Release Multithreaded|Win32
		{FE76398B-16F2-EC0C-E932-628A27594A05}.Unicode Release Multithreaded wmain|x64.ActiveCfg = Unicode Release Multithreaded|x64
		{FE76398B-16F2-EC0C-E932-628A27594A05}.Unicode Release Multithreaded|Win32.ActiveCfg = Unicode Release Multithreaded|Win32
		{FE76398B-16F2-EC0C-E932-628A27594A05}.Unicode Release Multithreaded|Win32.Build.0 = Unicode Release Multithreaded|Win32
		{FE76398B-16F2-EC0C-E932-628A27594A05}.Unicode Release Multithreaded|x64.ActiveCfg = Unicode Release Multithreaded|x64
		{FE76398B-16F2-EC0C-E932-628A27594A05}.Unicode Release Multithreaded|x64.Build.0 = Unicode Release Multithreaded|x64
		{D56F5282-DC2F-F6B7-6A38-F1F81A032C8F}.Debug Multithreaded DLL|Win32.ActiveCfg = Debug Multithreaded|Win32
		{D56F5282-DC2F-F6B7-6A38-F1F81A032C8F}.Debug Multithreaded DLL|x64.ActiveCfg = Debug Multithreaded|x64
		{D56F5282-DC2F-F6B7-6A38-F1F81A032C8F}.Debug Multithreaded|Win32.ActiveCfg = Debug Multithreaded|Win32
		{D56F5282-DC2F-F6B7-6A38-F1F81A032C8F}.Debug Multithreaded|Win32.Build.0 = Debug Multithreaded|Win32
		{D56F5282-DC2F-F6B7-6A38-F1F81A032C8F}.Debug Multithreaded|x64.ActiveCfg = Debug Multithreaded|x64
		{D56F5282-DC2F-F6B7-6A38-F1F81A032C8F}.Debug Multithreaded|x64.Build.0 = Debug Multithreaded|x64
		{D56F5282-DC2F-F6B7-6A38-F1F81A032C8F}.Release Multithreaded DLL|Win32.ActiveCfg = Release Multithreaded|Win32
		{D56F5282-DC2F-F6B7-6A38-F1F81A032C8F}.Release Multithreaded DLL|x64.ActiveCfg = Release Multithreaded|x64
		{D56F5282-DC2F-F6B7-6A38-F1F81A032C8F}.Release Multithreaded|Win32.ActiveCfg = Release Multithreaded|Win32
		{D56F5282-DC2F-F6B7-6A38-F1F81A032C8F}.Release Multithreaded|Win32.Build.0 = Release Multithreaded|Win32
		{D56F5282-DC2F-F6B7-6A38-F1F81A032C8F}.Release Multithreaded|x64.ActiveCfg = Release Multithreaded|x64
		{D56F5282-DC2F-F6B7-6A38-F1F81A032C8F}.Release Multithreaded|x64.Build.0 = Release Multithreaded|x64
		{D56F5282-DC2F-F6B7-6A38-F1F81A032C8F}.Unicode Debug Multithreaded wmain|Win32.ActiveCfg = Unicode Debug Multithreaded|Win32
		{D56F5282-DC2F-F6B7-6A38-F1F81A032C8F}.Unicode Debug Multithreaded wmain|x64.ActiveCfg = Unicode Debug Multithreaded|x64
		{D56F5282-DC2F-F6B7-6A38-F1F81A032C8F}.Unicode Debug Multithreaded|Win32.ActiveCfg = Unicode Debug Multithreaded|Win32
		{D56F5282-DC2F-F6B7-6A38-F1F81A032C8F}.Unicode Debug Multithreaded|Win32.Build.0 = Unicode Debug Multithreaded|Win32
		{D56F5282-DC2F-F6B7-6A38-F1F81A032C8F}.Unicode Debug Multithreaded|x64.ActiveCfg = Unicode Debug Multithreaded|x64
		{D56F5282-DC2F-F6B7-6A38-F1F81A032C8F}.Unicode Debug Multithreaded|x64.Build.0 = Unicode Debug Multithreaded|x64
		{D56F5282-DC2F-F6B7-6A38-F1F81A032C8F}.Unicode Release Multithreaded wmain|Win32.ActiveCfg = Unicode Release Multithreaded|Win32
		{D56F5282-DC2F-F6B7-6A38-F1F81A032C8F}.Unicode Release Multithreaded wmain|x64.ActiveCfg = Unicode Release Multithreaded|x64
		{D56F5282-DC2F-F6B7-6A38-F1F81A032C8F}.Unicode Release Multithreaded|Win32.ActiveCfg = Unicode Release Multithreaded|Win32
		{D56F5282-DC2F-F6B7-6A38-F1F81A032C8F}.Unicode Release Multithreaded|Win32.Build.0 = Unicode Release Multithreaded|Win32
		{D56F5282-DC2F-F6B7-6A38-F1F81A032C8F}.Unicode Release Multithreaded|x64.ActiveCfg = Unicode Release Multithreaded|x64
		{D56F5282-DC2F-F6B7-6A38-F1F81A032C8F}.Unicode Release Multithreaded|x64.Build.0 = Unicode Release Multithreaded|x64
		{7150AD3C-B40A-3619-3E11-70DFDDB9430A}.Debug Multithreaded DLL|Win32.ActiveCfg = Debug Multithreaded|Win32
		{7150AD3C-B40A-3619-3E11-70DFDDB9430A}.Debug Multithreaded DLL|x64.ActiveCfg = Debug Multithreaded|x64
		{7150AD3C-B40A-3619-3E11-70DFDDB9430A}.Debug Multithreaded|Win32.ActiveCfg = Debug Multithreaded|Win32
		{7150AD3C-B40A-3619-3E11-70DFDDB9430A}.Debug Multithreaded|Win32.Build.0 = Debug Multithreaded|Win32
		{7150AD3C-B40A-3619-3E11-70DFDDB9430A}.Debug Multithreaded|x64.ActiveCfg = Debug Multithreaded|x64
		{7150AD3C-B40A-3619-3E11-70DFDDB9430A}.Debug Multithreaded|x64.Build.0 = Debug Multithreaded|x64
		{7150AD3C-B40A-3619-3E11-70DFDDB9430A}.Release Multithreaded DLL|Win32.ActiveCfg = Release Multithreaded|Win32
		{7150AD3C-B40A-3619-3E11-70DFDDB9430A}.Release Multithreaded DLL|x64.ActiveCfg = Release Multithreaded|x64
		{7150AD3C-B40A-3619-3E11-70DFDDB9430A}.Release Multithreaded|Win32.ActiveCfg = Release Multithreaded|Win32
		{7150AD3C-B40A-3619-3E11-70DFDDB9430A}.Release Multithreaded|Win32.Build.0 = Release Multithreaded|Win32
		{7150AD3C-B40A-3619-3E11-70DFDDB9430A}.Release Multithreaded|x64.ActiveCfg = Release Multithreaded|x64
		{7150AD3C-B40A-3619-3E11-70DFDDB9430A}.Release Multithreaded|x64.Build.0 = Release Multithreaded|x64
		{7150AD3C-B40A-3619-3E11-70DFDDB9430A}.Unicode Debug Multithreaded wmain|Win32.ActiveCfg = Unicode Debug Multithreaded wmain|Win32
		{7150AD3C-B40A-3619-3E11-70DFDDB9430A}.Unicode Debug Multithreaded wmain|Win32.Build.0 = Unicode Debug Multithreaded wmain|Win32
		{7150AD3C-B40A-3619-3E11-70DFDDB9430A}.Unicode Debug Multithreaded wmain|x64.ActiveCfg = Unicode Debug Multithreaded wmain|x64
		{7150AD3C-B40A-3619-3E11-70DFDDB9430A}.Unicode Debug Multithreaded wmain|x64.Build.0 = Unicode Debug Multithreaded wmain|x64
		{7150AD3C-B40A-3619-3E11-70DFDDB9430A}.Unicode Debug Multithreaded|Win32.ActiveCfg = Unicode Debug Multithreaded|Win32
		{7150AD3C-B40A-3619-3E11-70DFDDB9430A}.Unicode Debug Multithreaded|Win32.Build.0 = Unicode Debug Multithreaded|Win32
		{7150AD3C-B40A-3619-3E11-70DFDDB9430A}.Unicode Debug Multithreaded|x64.ActiveCfg = Unicode Debug Multithreaded|x64
		{7150AD3C-B40A-3619-3E11-70DFDDB9430A}.Unicode Debug Multithreaded|x64.Build.0 = Unicode Debug Multithreaded|x64
		{7150AD3C-B40A-3619-3E11-70DFDDB9430A}.Unicode Release Multithreaded wmain|Win32.ActiveCfg = Unicode Release Multithreaded wmain|Win32
		{7150AD3C-B40A-3619-3E11-70DFDDB9430A}.Unicode Release Multithreaded wmain|Win32.Build.0 = Unicode Release Multithreaded wmain|Win32
		{7150AD3C-B40A-3619-3E11-70DFDDB9430A}.Unicode Release Multithreaded wmain|x64.ActiveCfg = Unicode Release Multithreaded wmain|x64
		{7150AD3C-B40A-3619-3E11-70DFDDB9430A}.Unicode Release Multithreaded wmain|x64.Build.0 = Unicode Release Multithreaded wmain|x64
		{7150AD3C-B40A-3619-3E11-70DFDDB9430A}.Unicode Release Multithreaded|Win32.ActiveCfg = Unicode Release Multithreaded|Win32
		{7150AD3C-B40A-3619-3E11-70DFDDB9430A}.Unicode Release Multithreaded|Win32.Build.0 = Unicode Release Multithreaded|Win32
		{7150AD3C-B40A-3619-3E11-70DFDDB9430A}.Unicode Release Multithreaded|x64.ActiveCfg = Unicode Release Multithreaded|x64
		{7150AD3C-B40A-3619-3E11-70DFDDB9430A}.Unicode Release Multithreaded|x64.Build.0 = Unicode Release Multithreaded|x64
		{44748ACC-C92E-1AFF-4A0F-950662094F3C}.Debug Multithreaded DLL|Win32.ActiveCfg = Debug Multithreaded|Win32
		{44748ACC-C92E-1AFF-4A0F-950662094F3C}.Debug Multithreaded DLL|x64.ActiveCfg = Debug Multithreaded|x64
		{44748ACC-C92E-1AFF-4A0F-950662094F3C}.Debug Multithreaded|Win32.ActiveCfg = Debug Multithreaded|Win32
		{44748ACC-C92E-1AFF-4A0F-950662094F3C}.Debug Multithreaded|Win32.Build.0 = Debug Multithreaded|Win32
		{44748ACC-C92E-1AFF-4A0F-950662094F3C}.Debug Multithreaded|x64.ActiveCfg = Debug Multithreaded|x64
		{44748ACC-C92E-1AFF-4A0F-950662094F3C}.Debug Multithreaded|x64.Build.0 = Debug Multithreaded|x64
		{44748ACC-C92E-1AFF-4A0F-950662094F3C}.Release Multithreaded DLL|Win32.ActiveCfg = Release Multithreaded|Win32
		{44748ACC-C92E-1AFF-4A0F-950662094F3C}.Release Multithreaded DLL|x64.ActiveCfg = Release Multithreaded|x64
		{44748ACC-C92E-1AFF-4A0F-950662094F3C}.Release Multithreaded|Win32.ActiveCfg = Release Multithreaded|Win32
		{44748ACC-C92E-1AFF-4A0F-950662094F3C}.Release Multithreaded|Win32.Build.0 = Release Multithreaded|Win32
		{44748ACC-C92E-1AFF-4A0F-950662094F3C}.Release Multithreaded|x64.ActiveCfg = Release Multithreaded|x64
		{44748ACC-C92E-1AFF-4A0F-950662094F3C}.Release Multithreaded|x64.Build.0 = Release Multithreaded|x64
		{44748ACC-C92E-1AFF-4A0F-950662094F3C}.Unicode Debug Multithreaded wmain|Win32.ActiveCfg = Unicode Debug Multithreaded|Win32
		{44748ACC-C92E-1AFF-4A0F-950662094F3C}.Unicode Debug Multithreaded wmain|x64.ActiveCfg = Unicode Debug Multithreaded|x64
		{44748ACC-C92E-1AFF-4A0F-950662094F3C}.Unicode Debug Multithreaded|Win32.ActiveCfg = Unicode Debug Multithreaded|Win32
		{44748ACC-C92E-1AFF-4A0F-950662094F3C}.Unicode Debug Multithreaded|Win32.Build.0 = Unicode Debug Multithreaded|Win32
		{44748ACC-C92E-1AFF-4A0F-950662094F3C}.Unicode Debug Multithreaded|x64.ActiveCfg = Unicode Debug Multithreaded|x64
		{44748ACC-C92E-1AFF-4A0F-950662094F3C}.Unicode Debug Multithreaded|x64.Build.0 = Unicode Debug Multithreaded|x64
		{44748ACC-C92E-1AFF-4A0F-950662094F3C}.Unicode Release Multithreaded wmain|Win32.ActiveCfg = Unicode Release Multithreaded|Win32
		{44748ACC-C92E-1AFF-4A0F-950662094F3C}.Unicode Release Multithreaded wmain|x64.ActiveCfg = Unicode Release Multithreaded|x64
		{44748ACC-C92E-1AFF-4A0F-950662094F3C}.Unicode Release Multithreaded|Win32.ActiveCfg = Unicode Release Multithreaded|Win32
		{44748ACC-C92E-1AFF-4A0F-950662094F3C}.Unicode Release Multithreaded|Win32.Build.0 = Unicode Release Multithreaded|Win32
		{44748ACC-C92E-1AFF-4A0F-950662094F3C}.Unicode Release Multithreaded|x64.ActiveCfg = Unicode Release Multithreaded|x64
		{44748ACC-C92E-1AFF-4A0F-950662094F3C}.Unicode Release Multithreaded|x64.Build.0 = Unicode Release Multithreaded|x64
		{5749A37F-D844-AFD5-5C23-92AAA1192857}.Debug Multithreaded DLL|Win32.ActiveCfg = Debug Multithreaded DLL|Win32
		{5749A37F-D844-AFD5-5C23-92AAA1192857}.Debug Multithreaded DLL|Win32.Build.0 = Debug Multithreaded DLL|Win32
		{5749A37F-D844-AFD5-5C23-92AAA1192857}.Debug Multithreaded DLL|x64.ActiveCfg = Debug Multithreaded DLL|x64
		{5749A37F-D844-AFD5-5C23-92AAA1192857}.Debug Multithreaded DLL|x64.Build.0 = Debug Multithreaded DLL|x64
		{5749A37F-D844-AFD5-5C23-92AAA1192857}.Debug Multithreaded|Win32.ActiveCfg = Debug Multithreaded|Win32
		{5749A37F-D844-AFD5-5C23-92AAA1192857}.Debug Multithreaded|Win32.Build.0 = Debug Multithreaded|Win32
		{5749A37F-D844-AFD5-5C23-92AAA1192857}.Debug Multithreaded|x64.ActiveCfg = Debug Multithreaded|x64
		{5749A37F-D844-AFD5-5C23-92AAA1192857}.Debug Multithreaded|x64.Build.0 = Debug Multithreaded|x64
		{5749A37F-D844-AFD5-5C23-92AAA1192857}.Release Multithreaded DLL|Win32.ActiveCfg = Release Multithreaded DLL|Win32
		{5749A37F-D844-AFD5-5C23-92AAA1192857}.Release Multithreaded DLL|Win32.Build.0 = Release Multithreaded DLL|Win32
		{5749A37F-D844-AFD5-5C23-92AAA1192857}.Release Multithreaded DLL|x64.ActiveCfg = Release Multithreaded DLL|x64
		{5749A37F-D844-AFD5-5C23-92AAA1192857}.Release Multithreaded|Win32.ActiveCfg = Release Multithreaded|Win32
		{5749A37F-D844-AFD5-5C23-92AAA1192857}.Release Multithreaded|Win32.Build.0 = Release Multithreaded|Win32
		{5749A37F-D844-AFD5-5C23-92AAA1192857}.Release Multithreaded|x64.ActiveCfg = Release Multithreaded|x64
		{5749A37F-D844-AFD5-5C23-92AAA1192857}.Release Multithreaded|x64.Build.0 = Release Multithreaded|x64
		{5749A37F-D844-AFD5-5C23-92AAA1192857}.Unicode Debug Multithreaded wmain|Win32.ActiveCfg = Unicode Debug Multithreaded|Win32
		{5749A37F-D844-AFD5-5C23-92AAA1192857}.Unicode Debug Multithreaded wmain|x64.ActiveCfg = Unicode Debug Multithreaded|x64
		{5749A37F-D844-AFD5-5C23-92AAA1192857}.Unicode Debug Multithreaded|Win32.ActiveCfg = Unicode Debug Multithreaded|Win32
		{5749A37F-D844-AFD5-5C23-92AAA1192857}.Unicode Debug Multithreaded|Win32.Build.0 = Unicode Debug Multithreaded|Win32
		{5749A37F-D844-AFD5-5C23-92AAA1192857}.Unicode Debug Multithreaded|x64.ActiveCfg = Unicode Debug Multithreaded|x64
		{5749A37F-D844-AFD5-5C23-92AAA1192857}.Unicode Debug Multithreaded|x64.Build.0 = Unicode Debug Multithreaded|x64
		{5749A37F-D844-AFD5-5C23-92AAA1192857}.Unicode Release Multithreaded wmain|Win32.ActiveCfg = Unicode Release Multithreaded|Win32
		{5749A37F-D844-AFD5-5C23-92AAA1192857}.Unicode Release Multithreaded wmain|x64.ActiveCfg = Unicode Release Multithreaded|x64
		{5749A37F-D844-AFD5-5C23-92AAA1192857}.Unicode Release Multithreaded|Win32.ActiveCfg = Unicode Release Multithreaded|Win32
		{5749A37F-D844-AFD5-5C23-92AAA1192857}.Unicode Release Multithreaded|Win32.Build.0 = Unicode Release Multithreaded|Win32
		{5749A37F-D844-AFD5-5C23-92AAA1192857}.Unicode Release Multithreaded|x64.ActiveCfg = Unicode Release Multithreaded|x64
		{5749A37F-D844-AFD5-5C23-92AAA1192857}.Unicode Release Multithreaded|x64.Build.0 = Unicode Release Multithreaded|x64
		{3FF90D09-ECBB-8530-5B70-F65629336673}.Debug Multithreaded DLL|Win32.ActiveCfg = Unicode Release Multithreaded|Win32
		{3FF90D09-ECBB-8530-5B70-F65629336673}.Debug Multithreaded DLL|x64.ActiveCfg = Unicode Release Multithreaded|x64
		{3FF90D09-ECBB-8530-5B70-F65629336673}.Debug Multithreaded|Win32.ActiveCfg = Unicode Debug Multithreaded|Win32
		{3FF90D09-ECBB-8530-5B70-F65629336673}.Debug Multithreaded|x64.ActiveCfg = Unicode Debug Multithreaded|x64
		{3FF90D09-ECBB-8530-5B70-F65629336673}.Release Multithreaded DLL|Win32.ActiveCfg = Unicode Release Multithreaded|Win32
		{3FF90D09-ECBB-8530-5B70-F65629336673}.Release Multithreaded DLL|x64.ActiveCfg = Unicode Release Multithreaded|x64
		{3FF90D09-ECBB-8530-5B70-F65629336673}.Release Multithreaded DLL|x64.Build.0 = Unicode Release Multithreaded|x64
		{3FF90D09-ECBB-8530-5B70-F65629336673}.Release Multithreaded|Win32.ActiveCfg = Unicode Release Multithreaded|Win32
		{3FF90D09-ECBB-8530-5B70-F65629336673}.Release Multithreaded|x64.ActiveCfg = Unicode Release Multithreaded|x64
		{3FF90D09-ECBB-8530-5B70-F65629336673}.Unicode Debug Multithreaded wmain|Win32.ActiveCfg = Unicode Debug Multithreaded wmain|Win32
		{3FF90D09-ECBB-8530-5B70-F65629336673}.Unicode Debug Multithreaded wmain|Win32.Build.0 = Unicode Debug Multithreaded wmain|Win32
		{3FF90D09-ECBB-8530-5B70-F65629336673}.Unicode Debug Multithreaded wmain|x64.ActiveCfg = Unicode Debug Multithreaded wmain|x64
		{3FF90D09-ECBB-8530-5B70-F65629336673}.Unicode Debug Multithreaded wmain|x64.Build.0 = Unicode Debug Multithreaded wmain|x64
		{3FF90D09-ECBB-8530-5B70-F65629336673}.Unicode Debug Multithreaded|Win32.ActiveCfg = Unicode Debug Multithreaded|Win32
		{3FF90D09-ECBB-8530-5B70-F65629336673}.Unicode Debug Multithreaded|Win32.Build.0 = Unicode Debug Multithreaded|Win32
		{3FF90D09-ECBB-8530-5B70-F65629336673}.Unicode Debug Multithreaded|x64.ActiveCfg = Unicode Debug Multithreaded|x64
		{3FF90D09-ECBB-8530-5B70-F65629336673}.Unicode Debug Multithreaded|x64.Build.0 = Unicode Debug Multithreaded|x64
		{3FF90D09-ECBB-8530-5B70-F65629336673}.Unicode Release Multithreaded wmain|Win32.ActiveCfg = Unicode Release Multithreaded wmain|Win32
		{3FF90D09-ECBB-8530-5B70-F65629336673}.Unicode Release Multithreaded wmain|Win32.Build.0 = Unicode Release Multithreaded wmain|Win32
		{3FF90D09-ECBB-8530-5B70-F65629336673}.Unicode Release Multithreaded wmain|x64.ActiveCfg = Unicode Release Multithreaded wmain|x64
		{3FF90D09-ECBB-8530-5B70-F65629336673}.Unicode Release Multithreaded wmain|x64.Build.0 = Unicode Release Multithreaded wmain|x64
		{3FF90D09-ECBB-8530-5B70-F65629336673}.Unicode Release Multithreaded|Win32.ActiveCfg = Unicode Release Multithreaded|Win32
		{3FF90D09-ECBB-8530-5B70-F65629336673}.Unicode Release Multithreaded|Win32.Build.0 = Unicode Release Multithreaded|Win32
		{3FF90D09-ECBB-8530-5B70-F65629336673}.Unicode Release Multithreaded|x64.ActiveCfg = Unicode Release Multithreaded|x64
		{3FF90D09-ECBB-8530-5B70-F65629336673}.Unicode Release Multithreaded|x64.Build.0 = Unicode Release Multithreaded|x64
		{4CAE02FA-1859-968B-DF35-1AE25987CE90}.Debug Multithreaded DLL|Win32.ActiveCfg = Debug Multithreaded|Win32
		{4CAE02FA-1859-968B-DF35-1AE25987CE90}.Debug Multithreaded DLL|x64.ActiveCfg = Debug Multithreaded|x64
		{4CAE02FA-1859-968B-DF35-1AE25987CE90}.Debug Multithreaded|Win32.ActiveCfg = Debug Multithreaded|Win32
		{4CAE02FA-1859-968B-DF35-1AE25987CE90}.Debug Multithreaded|Win32.Build.0 = Debug Multithreaded|Win32
		{4CAE02FA-1859-968B-DF35-1AE25987CE90}.Debug Multithreaded|x64.ActiveCfg = Debug Multithreaded|x64
		{4CAE02FA-1859-968B-DF35-1AE25987CE90}.Debug Multithreaded|x64.Build.0 = Debug Multithreaded|x64
		{4CAE02FA-1859-968B-DF35-1AE25987CE90}.Release Multithreaded DLL|Win32.ActiveCfg = Release Multithreaded|Win32
		{4CAE02FA-1859-968B-DF35-1AE25987CE90}.Release Multithreaded DLL|x64.ActiveCfg = Release Multithreaded|x64
		{4CAE02FA-1859-968B-DF35-1AE25987CE90}.Release Multithreaded|Win32.ActiveCfg = Release Multithreaded|Win32
		{4CAE02FA-1859-968B-DF35-1AE25987CE90}.Release Multithreaded|Win32.Build.0 = Release Multithreaded|Win32
		{4CAE02FA-1859-968B-DF35-1AE25987CE90}.Release Multithreaded|x64.ActiveCfg = Release Multithreaded|x64
		{4CAE02FA-1859-968B-DF35-1AE25987CE90}.Release Multithreaded|x64.Build.0 = Release Multithreaded|x64
		{4CAE02FA-1859-968B-DF35-1AE25987CE90}.Unicode Debug Multithreaded wmain|Win32.ActiveCfg = Debug Multithreaded|Win32
		{4CAE02FA-1859-968B-DF35-1AE25987CE90}.Unicode Debug Multithreaded wmain|x64.ActiveCfg = Debug Multithreaded|x64
		{4CAE02FA-1859-968B-DF35-1AE25987CE90}.Unicode Debug Multithreaded|Win32.ActiveCfg = Debug Multithreaded|Win32
		{4CAE02FA-1859-968B-DF35-1AE25987CE90}.Unicode Debug Multithreaded|x64.ActiveCfg = Debug Multithreaded|x64
		{4CAE02FA-1859-968B-DF35-1AE25987CE90}.Unicode Release Multithreaded wmain|Win32.ActiveCfg = Release Multithreaded|Win32
		{4CAE02FA-1859-968B-DF35-1AE25987CE90}.Unicode Release Multithreaded wmain|x64.ActiveCfg = Release Multithreaded|x64
		{4CAE02FA-1859-968B-DF35-1AE25987CE90}.Unicode Release Multithreaded|Win32.ActiveCfg = Release Multithreaded|Win32
		{4CAE02FA-1859-968B-DF35-1AE25987CE90}.Unicode Release Multithreaded|x64.ActiveCfg = Release Multithreaded|x64
	EndGlobalSection
	GlobalSection(SolutionProperties) = preSolution
		HideSolutionNode = FALSE
	EndGlobalSection
	GlobalSection(NestedProjects) = preSolution
		{FE76398B-16F2-EC0C-E932-628A27594A05} = {77323006-68A9-46B3-8AC5-8E90CB788D46}
		{D56F5282-DC2F-F6B7-6A38-F1F81A032C8F} = {77323006-68A9-46B3-8AC5-8E90CB788D46}
		{7150AD3C-B40A-3619-3E11-70DFDDB9430A} = {77323006-68A9-46B3-8AC5-8E90CB788D46}
		{44748ACC-C92E-1AFF-4A0F-950662094F3C} = {77323006-68A9-46B3-8AC5-8E90CB788D46}
		{5749A37F-D844-AFD5-5C23-92AAA1192857} = {77323006-68A9-46B3-8AC5-8E90CB788D46}
		{3FF90D09-ECBB-8530-5B70-F65629336673} = {77323006-68A9-46B3-8AC5-8E90CB788D46}
		{89F347B2-5D06-4554-AC89-47F10087F18C} = {EC237852-A5CC-4812-B915-9537069A775A}
		{129DEE78-3085-4D70-B4C7-7AAB0426FB36} = {EC237852-A5CC-4812-B915-9537069A775A}
		{2F3633E4-032B-49BB-8EC1-FBB52FEAD630} = {89F347B2-5D06-4554-AC89-47F10087F18C}
		{13F646D8-EC08-4E48-B152-22B8085D3FF0} = {129DEE78-3085-4D70-B4C7-7AAB0426FB36}
		{9193BDE8-B5FE-4B6E-9223-BF937522F979} = {8FC95192-A3F4-4684-941E-5A9222645E28}
		{B30176FA-CD81-4C60-9A7C-D98F04F7FA4B} = {8FC95192-A3F4-4684-941E-5A9222645E28}
		{0BEE787C-7B8F-41BB-8217-DB080EAF6CEE} = {8FC95192-A3F4-4684-941E-5A9222645E28}
		{CDDE05A5-5A0F-40F9-B3B1-E328E6DDFF5C} = {8FC95192-A3F4-4684-941E-5A9222645E28}
		{4CAE02FA-1859-968B-DF35-1AE25987CE90} = {CDDE05A5-5A0F-40F9-B3B1-E328E6DDFF5C}
	EndGlobalSection
EndGlobal
