
Microsoft Visual Studio Solution File, Format Version 11.00
# Visual Studio 2010
Project("{8BC9CEB8-8B4A-11D0-8D11-00A0C91BC942}") = "example.c.main.1", "examples\c\example.c.main.1\vc10\example.c.main.1.vcxproj", "{FE76398B-16F2-EC0C-E932-628A27594A05}"
EndProject
Project("{8BC9CEB8-8B4A-11D0-8D11-00A0C91BC942}") = "example.c.main.2", "examples\c\example.c.main.2\vc10\example.c.main.2.vcxproj", "{D56F5282-DC2F-F6B7-6A38-F1F81A032C8F}"
EndProject
Project("{8BC9CEB8-8B4A-11D0-8D11-00A0C91BC942}") = "example.cpp.main.1", "examples\cpp\example.cpp.main.1\vc10\example.cpp.main.1.vcxproj", "{7150AD3C-B40A-3619-3E11-70DFDDB9430A}"
EndProject
Project("{8BC9CEB8-8B4A-11D0-8D11-00A0C91BC942}") = "example.cpp.main.2", "examples\cpp\example.cpp.main.2\vc10\example.cpp.main.2.vcxproj", "{44748ACC-C92E-1AFF-4A0F-950662094F3C}"
EndProject
Project("{8BC9CEB8-8B4A-11D0-8D11-00A0C91BC942}") = "example.cpp.main.MFC", "examples\cpp\example.cpp.main.MFC\vc10\example.cpp.main.MFC.vcxproj", "{5749A37F-D844-AFD5-5C23-92AAA1192857}"
EndProject
Project("{8BC9CEB8-8B4A-11D0-8D11-00A0C91BC942}") = "test.unit.cpp.main.1", "test\unit\cpp\test.unit.cpp.main.1\vc10\test.unit.cpp.main.1.vcxproj", "{4CAE02FA-1859-968B-DF35-1AE25987CE90}"
EndProject
Project("{8BC9CEB8-8B4A-11D0-8D11-00A0C91BC942}") = "example.cpp.wmain", "examples\cpp\example.cpp.wmain\vc10\example.cpp.wmain.vcxproj", "{3FF90D09-ECBB-8530-5B70-F65629336673}"
EndProject
Global
	GlobalSection(SolutionConfigurationPlatforms) = preSolution
		Debug Multithreaded DLL|Win32 = Debug Multithreaded DLL|Win32
		Debug Multithreaded DLL|x64 = Debug Multithreaded DLL|x64
		Debug Multithreaded|Win32 = Debug Multithreaded|Win32
		Debug Multithreaded|x64 = Debug Multithreaded|x64
		Release Multithreaded DLL|Win32 = Release Multithreaded DLL|Win32
		Release Multithreaded DLL|x64 = Release Multithreaded DLL|x64
		Release Multithreaded|Win32 = Release Multithreaded|Win32
		Release Multithreaded|x64 = Release Multithreaded|x64
		Unicode Debug Multithreaded wmain|Win32 = Unicode Debug Multithreaded wmain|Win32
		Unicode Debug Multithreaded wmain|x64 = Unicode Debug Multithreaded wmain|x64
		Unicode Debug Multithreaded|Win32 = Unicode Debug Multithreaded|Win32
		Unicode Debug Multithreaded|x64 = Unicode Debug Multithreaded|x64
		Unicode Release Multithreaded wmain|Win32 = Unicode Release Multithreaded wmain|Win32
		Unicode Release Multithreaded wmain|x64 = Unicode Release Multithreaded wmain|x64
		Unicode Release Multithreaded|Win32 = Unicode Release Multithreaded|Win32
		Unicode Release Multithreaded|x64 = Unicode Release Multithreaded|x64
	EndGlobalSection
	GlobalSection(ProjectConfigurationPlatforms) = postSolution
		{FE76398B-16F2-EC0C-E932-628A27594A05}.Debug Multithreaded DLL|Win32.ActiveCfg = Debug Multithreaded|Win32
		{FE76398B-16F2-EC0C-E932-628A27594A05}.Debug Multithreaded DLL|x64.ActiveCfg = Debug Multithreaded|x64
		{FE76398B-16F2-EC0C-E932-628A27594A05}.Debug Multithreaded|Win32.ActiveCfg = Debug Multithreaded|Win32
		{FE76398B-16F2-EC0C-E932-628A27594A05}.Debug Multithreaded|Win32.Build.0 = Debug Multithreaded|Win32
		{FE76398B-16F2-EC0C-E932-628A27594A05}.Debug Multithreaded|x64.ActiveCfg = Debug Multithreaded|x64
		{FE76398B-16F2-EC0C-E932-628A27594A05}.Debug Multithreaded|x64.Build.0 = Debug Multithreaded|x64
		{FE76398B-16F2-EC0C-E932-628A27594A05}.Release Multithreaded DLL|Win32.ActiveCfg = Release Multithreaded|Win32
		{FE76398B-16F2-EC0C-E932-628A27594A05}.Release Multithreaded DLL|x64.ActiveCfg = Release Multithreaded|x64
		{FE76398B-16F2-EC0C-E932-628A27594A05}.Release Multithreaded|Win32.ActiveCfg = Release Multithreaded|Win32
		{FE76398B-16F2-EC0C-E932-628A27594A05}.Release Multithreaded|Win32.Build.0 = Release Multithreaded|Win32
		{FE76398B-16F2-EC0C-E932-628A27594A05}.Release Multithreaded|x64.ActiveCfg = Release Multithreaded|x64
		{FE76398B-16F2-EC0C-E932-628A27594A05}.Release Multithreaded|x64.Build.0 = Release Multithreaded|x64
		{FE76398B-16F2-EC0C-E932-628A27594A05}.Unicode Debug Multithreaded wmain|Win32.ActiveCfg = Unicode Debug Multithreaded|Win32
		{FE76398B-16F2-EC0C-E932-628A27594A05}.Unicode Debug Multithreaded wmain|x64.ActiveCfg = Unicode Debug Multithreaded|x64
		{FE76398B-16F2-EC0C-E932-628A27594A05}.Unicode Debug Multithreaded|Win32.ActiveCfg = Unicode Debug Multithreaded|Win32
		{FE76398B-16F2-EC0C-E932-628A27594A05}.Unicode Debug Multithreaded|Win32.Build.0 = Unicode Debug Multithreaded|Win32
		{FE76398B-16F2-EC0C-E932-628A27594A05}.Unicode Debug Multithreaded|x64.ActiveCfg = Unicode Debug Multithreaded|x64
		{FE76398B-16F2-EC0C-E932-628A27594A05}.Unicode Debug Multithreaded|x64.Build.0 = Unicode Debug Multithreaded|x64
		{FE76398B-16F2-EC0C-E932-628A27594A05}.Unicode Release Multithreaded wmain|Win32.ActiveCfg = Unicode Release Multithreaded|Win32
		{FE76398B-16F2-EC0C-E932-628A27594A05}.Unicode Release Multithreaded wmain|x64.ActiveCfg = Unicode Release Multithreaded|x64
		{FE76398B-16F2-EC0C-E932-628A27594A05}.Unicode Release Multithreaded|Win32.ActiveCfg = Unicode Release Multithreaded|Win32
		{FE76398B-16F2-EC0C-E932-628A27594A05}.Unicode Release Multithreaded|Win32.Build.0 = Unicode Release Multithreaded|Win32
		{FE76398B-16F2-EC0C-E932-628A27594A05}.Unicode Release Multithreaded|x64.ActiveCfg = Unicode Release Multithreaded|x64
		{FE76398B-16F2-EC0C-E932-628A27594A05}.Unicode Release Multithreaded|x64.Build.0 = Unicode Release Multithreaded|x64
		{D56F5282-DC2F-F6B7-6A38-F1F81A032C8F}.Debug Multithreaded DLL|Win32.ActiveCfg = Debug Multithreaded|Win32
		{D56F5282-DC2F-F6B7-6A38-F1F81A032C8F}.Debug Multithreaded DLL|x64.ActiveCfg = Debug Multithreaded|x64
		{D56F5282-DC2F-F6B7-6A38-F1F81A032C8F}.Debug Multithreaded|Win32.ActiveCfg = Debug Multithreaded|Win32
		{D56F5282-DC2F-F6B7-6A38-F1F81A032C8F}.Debug Multithreaded|Win32.Build.0 = Debug Multithreaded|Win32
		{D56F5282-DC2F-F6B7-6A38-F1F81A032C8F}.Debug Multithreaded|x64.ActiveCfg = Debug Multithreaded|x64
		{D56F5282-DC2F-F6B7-6A38-F1F81A032C8F}.Debug Multithreaded|x64.Build.0 = Debug Multithreaded|x64
		{D56F5282-DC2F-F6B7-6A38-F1F81A032C8F}.Release Multithreaded DLL|Win32.ActiveCfg = Release Multithreaded|Win32
		{D56F5282-DC2F-F6B7-6A38-F1F81A032C8F}.Release Multithreaded DLL|x64.ActiveCfg = Release Multithreaded|x64
		{D56F5282-DC2F-F6B7-6A38-F1F81A032C8F}.Release Multithreaded DLL|x64.Build.0 = Release Multithreaded|x64
		{D56F5282-DC2F-F6B7-6A38-F1F81A032C8F}.Release Multithreaded|Win32.ActiveCfg = Release Multithreaded|Win32
		{D56F5282-DC2F-F6B7-6A38-F1F81A032C8F}.Release Multithreaded|Win32.Build.0 = Release Multithreaded|Win32
		{D56F5282-DC2F-F6B7-6A38-F1F81A032C8F}.Release Multithreaded|x64.ActiveCfg = Release Multithreaded|x64
		{D56F5282-DC2F-F6B7-6A38-F1F81A032C8F}.Release Multithreaded|x64.Build.0 = Release Multithreaded|x64
		{D56F5282-DC2F-F6B7-6A38-F1F81A032C8F}.Unicode Debug Multithreaded wmain|Win32.ActiveCfg = Unicode Debug Multithreaded|Win32
		{D56F5282-DC2F-F6B7-6A38-F1F81A032C8F}.Unicode Debug Multithreaded wmain|x64.ActiveCfg = Unicode Debug Multithreaded|x64
		{D56F5282-DC2F-F6B7-6A38-F1F81A032C8F}.Unicode Debug Multithreaded|Win32.ActiveCfg = Unicode Debug Multithreaded|Win32
		{D56F5282-DC2F-F6B7-6A38-F1F81A032C8F}.Unicode Debug Multithreaded|Win32.Build.0 = Unicode Debug Multithreaded|Win32
		{D56F5282-DC2F-F6B7-6A38-F1F81A032C8F}.Unicode Debug Multithreaded|x64.ActiveCfg = Unicode Debug Multithreaded|x64
		{D56F5282-DC2F-F6B7-6A38-F1F81A032C8F}.Unicode Debug Multithreaded|x64.Build.0 = Unicode Debug Multithreaded|x64
		{D56F5282-DC2F-F6B7-6A38-F1F81A032C8F}.Unicode Release Multithreaded wmain|Win32.ActiveCfg = Unicode Release Multithreaded|Win32
		{D56F5282-DC2F-F6B7-6A38-F1F81A032C8F}.Unicode Release Multithreaded wmain|x64.ActiveCfg = Unicode Release Multithreaded|x64
		{D56F5282-DC2F-F6B7-6A38-F1F81A032C8F}.Unicode Release Multithreaded|Win32.ActiveCfg = Unicode Release Multithreaded|Win32
		{D56F5282-DC2F-F6B7-6A38-F1F81A032C8F}.Unicode Release Multithreaded|Win32.Build.0 = Unicode Release Multithreaded|Win32
		{D56F5282-DC2F-F6B7-6A38-F1F81A032C8F}.Unicode Release Multithreaded|x64.ActiveCfg = Unicode Release Multithreaded|x64
		{D56F5282-DC2F-F6B7-6A38-F1F81A032C8F}.Unicode Release Multithreaded|x64.Build.0 = Unicode Release Multithreaded|x64
		{7150AD3C-B40A-3619-3E11-70DFDDB9430A}.Debug Multithreaded DLL|Win32.ActiveCfg = Debug Multithreaded|Win32
		{7150AD3C-B40A-3619-3E11-70DFDDB9430A}.Debug Multithreaded DLL|x64.ActiveCfg = Debug Multithreaded|x64
		{7150AD3C-B40A-3619-3E11-70DFDDB9430A}.Debug Multithreaded|Win32.ActiveCfg = Debug Multithreaded|Win32
		{7150AD3C-B40A-3619-3E11-70DFDDB9430A}.Debug Multithreaded|Win32.Build.0 = Debug Multithreaded|Win32
		{7150AD3C-B40A-3619-3E11-70DFDDB9430A}.Debug Multithreaded|x64.ActiveCfg = Debug Multithreaded|x64
		{7150AD3C-B40A-3619-3E11-70DFDDB9430A}.Debug Multithreaded|x64.Build.0 = Debug Multithreaded|x64
		{7150AD3C-B40A-3619-3E11-70DFDDB9430A}.Release Multithreaded DLL|Win32.ActiveCfg = Release Multithreaded|Win32
		{7150AD3C-B40A-3619-3E11-70DFDDB9430A}.Release Multithreaded DLL|x64.ActiveCfg = Release Multithreaded|x64
		{7150AD3C-B40A-3619-3E11-70DFDDB9430A}.Release Multithreaded|Win32.ActiveCfg = Release Multithreaded|Win32
		{7150AD3C-B40A-3619-3E11-70DFDDB9430A}.Release Multithreaded|Win32.Build.0 = Release Multithreaded|Win32
		{7150AD3C-B40A-3619-3E11-70DFDDB9430A}.Release Multithreaded|x64.ActiveCfg = Release Multithreaded|x64
		{7150AD3C-B40A-3619-3E11-70DFDDB9430A}.Release Multithreaded|x64.Build.0 = Release Multithreaded|x64
		{7150AD3C-B40A-3619-3E11-70DFDDB9430A}.Unicode Debug Multithreaded wmain|Win32.ActiveCfg = Unicode Debug Multithreaded wmain|Win32
		{7150AD3C-B40A-3619-3E11-70DFDDB9430A}.Unicode Debug Multithreaded wmain|Win32.Build.0 = Unicode Debug Multithreaded wmain|Win32
		{7150AD3C-B40A-3619-3E11-70DFDDB9430A}.Unicode Debug Multithreaded wmain|x64.ActiveCfg = Unicode Debug Multithreaded wmain|x64
		{7150AD3C-B40A-3619-3E11-70DFDDB9430A}.Unicode Debug Multithreaded wmain|x64.Build.0 = Unicode Debug Multithreaded wmain|x64
		{7150AD3C-B40A-3619-3E11-70DFDDB9430A}.Unicode Debug Multithreaded|Win32.ActiveCfg = Unicode Debug Multithreaded|Win32
		{7150AD3C-B40A-3619-3E11-70DFDDB9430A}.Unicode Debug Multithreaded|Win32.Build.0 = Unicode Debug Multithreaded|Win32
		{7150AD3C-B40A-3619-3E11-70DFDDB9430A}.Unicode Debug Multithreaded|x64.ActiveCfg = Unicode Debug Multithreaded|x64
		{7150AD3C-B40A-3619-3E11-70DFDDB9430A}.Unicode Debug Multithreaded|x64.Build.0 = Unicode Debug Multithreaded|x64
		{7150AD3C-B40A-3619-3E11-70DFDDB9430A}.Unicode Release Multithreaded wmain|Win32.ActiveCfg = Unicode Release Multithreaded wmain|Win32
		{7150AD3C-B40A-3619-3E11-70DFDDB9430A}.Unicode Release Multithreaded wmain|Win32.Build.0 = Unicode Release Multithreaded wmain|Win32
		{7150AD3C-B40A-3619-3E11-70DFDDB9430A}.Unicode Release Multithreaded wmain|x64.ActiveCfg = Unicode Release Multithreaded wmain|x64
		{7150AD3C-B40A-3619-3E11-70DFDDB9430A}.Unicode Release Multithreaded wmain|x64.Build.0 = Unicode Release Multithreaded wmain|x64
		{7150AD3C-B40A-3619-3E11-70DFDDB9430A}.Unicode Release Multithreaded|Win32.ActiveCfg = Unicode Release Multithreaded|Win32
		{7150AD3C-B40A-3619-3E11-70DFDDB9430A}.Unicode Release Multithreaded|Win32.Build.0 = Unicode Release Multithreaded|Win32
		{7150AD3C-B40A-3619-3E11-70DFDDB9430A}.Unicode Release Multithreaded|x64.ActiveCfg = Unicode Release Multithreaded|x64
		{7150AD3C-B40A-3619-3E11-70DFDDB9430A}.Unicode Release Multithreaded|x64.Build.0 = Unicode Release Multithreaded|x64
		{44748ACC-C92E-1AFF-4A0F-950662094F3C}.Debug Multithreaded DLL|Win32.ActiveCfg = Debug Multithreaded|Win32
		{44748ACC-C92E-1AFF-4A0F-950662094F3C}.Debug Multithreaded DLL|x64.ActiveCfg = Debug Multithreaded|x64
		{44748ACC-C92E-1AFF-4A0F-950662094F3C}.Debug Multithreaded|Win32.ActiveCfg = Debug Multithreaded|Win32
		{44748ACC-C92E-1AFF-4A0F-950662094F3C}.Debug Multithreaded|Win32.Build.0 = Debug Multithreaded|Win32
		{44748ACC-C92E-1AFF-4A0F-950662094F3C}.Debug Multithreaded|x64.ActiveCfg = Debug Multithreaded|x64
		{44748ACC-C92E-1AFF-4A0F-950662094F3C}.Debug Multithreaded|x64.Build.0 = Debug Multithreaded|x64
		{44748ACC-C92E-1AFF-4A0F-950662094F3C}.Release Multithreaded DLL|Win32.ActiveCfg = Release Multithreaded|Win32
		{44748ACC-C92E-1AFF-4A0F-950662094F3C}.Release Multithreaded DLL|x64.ActiveCfg = Release Multithreaded|x64
		{44748ACC-C92E-1AFF-4A0F-950662094F3C}.Release Multithreaded|Win32.ActiveCfg = Release Multithreaded|Win32
		{44748ACC-C92E-1AFF-4A0F-950662094F3C}.Release Multithreaded|Win32.Build.0 = Release Multithreaded|Win32
		{44748ACC-C92E-1AFF-4A0F-950662094F3C}.Release Multithreaded|x64.ActiveCfg = Release Multithreaded|x64
		{44748ACC-C92E-1AFF-4A0F-950662094F3C}.Release Multithreaded|x64.Build.0 = Release Multithreaded|x64
		{44748ACC-C92E-1AFF-4A0F-950662094F3C}.Unicode Debug Multithreaded wmain|Win32.ActiveCfg = Unicode Debug Multithreaded|Win32
		{44748ACC-C92E-1AFF-4A0F-950662094F3C}.Unicode Debug Multithreaded wmain|x64.ActiveCfg = Unicode Debug Multithreaded|x64
		{44748ACC-C92E-1AFF-4A0F-950662094F3C}.Unicode Debug Multithreaded|Win32.ActiveCfg = Unicode Debug Multithreaded|Win32
		{44748ACC-C92E-1AFF-4A0F-950662094F3C}.Unicode Debug Multithreaded|Win32.Build.0 = Unicode Debug Multithreaded|Win32
		{44748ACC-C92E-1AFF-4A0F-950662094F3C}.Unicode Debug Multithreaded|x64.ActiveCfg = Unicode Debug Multithreaded|x64
		{44748ACC-C92E-1AFF-4A0F-950662094F3C}.Unicode Debug Multithreaded|x64.Build.0 = Unicode Debug Multithreaded|x64
		{44748ACC-C92E-1AFF-4A0F-950662094F3C}.Unicode Release Multithreaded wmain|Win32.ActiveCfg = Unicode Release Multithreaded|Win32
		{44748ACC-C92E-1AFF-4A0F-950662094F3C}.Unicode Release Multithreaded wmain|x64.ActiveCfg = Unicode Release Multithreaded|x64
		{44748ACC-C92E-1AFF-4A0F-950662094F3C}.Unicode Release Multithreaded|Win32.ActiveCfg = Unicode Release Multithreaded|Win32
		{44748ACC-C92E-1AFF-4A0F-950662094F3C}.Unicode Release Multithreaded|Win32.Build.0 = Unicode Release Multithreaded|Win32
		{44748ACC-C92E-1AFF-4A0F-950662094F3C}.Unicode Release Multithreaded|x64.ActiveCfg = Unicode Release Multithreaded|x64
		{44748ACC-C92E-1AFF-4A0F-950662094F3C}.Unicode Release Multithreaded|x64.Build.0 = Unicode Release Multithreaded|x64
		{5749A37F-D844-AFD5-5C23-92AAA1192857}.Debug Multithreaded DLL|Win32.ActiveCfg = Debug Multithreaded DLL|Win32
		{5749A37F-D844-AFD5-5C23-92AAA1192857}.Debug Multithreaded DLL|Win32.Build.0 = Debug Multithreaded DLL|Win32
		{5749A37F-D844-AFD5-5C23-92AAA1192857}.Debug Multithreaded DLL|x64.ActiveCfg = Debug Multithreaded DLL|x64
		{5749A37F-D844-AFD5-5C23-92AAA1192857}.Debug Multithreaded DLL|x64.Build.0 = Debug Multithreaded DLL|x64
		{5749A37F-D844-AFD5-5C23-92AAA1192857}.Debug Multithreaded|Win32.ActiveCfg = Debug Multithreaded|Win32
		{5749A37F-D844-AFD5-5C23-92AAA1192857}.Debug Multithreaded|Win32.Build.0 = Debug Multithreaded|Win32
		{5749A37F-D844-AFD5-5C23-92AAA1192857}.Debug Multithreaded|x64.ActiveCfg = Debug Multithreaded|x64
		{5749A37F-D844-AFD5-5C23-92AAA1192857}.Debug Multithreaded|x64.Build.0 = Debug Multithreaded|x64
		{5749A37F-D844-AFD5-5C23-92AAA1192857}.Release Multithreaded DLL|Win32.ActiveCfg = Release Multithreaded DLL|Win32
		{5749A37F-D844-AFD5-5C23-92AAA1192857}.Release Multithreaded DLL|Win32.Build.0 = Release Multithreaded DLL|Win32
		{5749A37F-D844-AFD5-5C23-92AAA1192857}.Release Multithreaded DLL|x64.ActiveCfg = Release Multithreaded DLL|x64
		{5749A37F-D844-AFD5-5C23-92AAA1192857}.Release Multithreaded|Win32.ActiveCfg = Release Multithreaded|Win32
		{5749A37F-D844-AFD5-5C23-92AAA1192857}.Release Multithreaded|Win32.Build.0 = Release Multithreaded|Win32
		{5749A37F-D844-AFD5-5C23-92AAA1192857}.Release Multithreaded|x64.ActiveCfg = Release Multithreaded|x64
		{5749A37F-D844-AFD5-5C23-92AAA1192857}.Release Multithreaded|x64.Build.0 = Release Multithreaded|x64
		{5749A37F-D844-AFD5-5C23-92AAA1192857}.Unicode Debug Multithreaded wmain|Win32.ActiveCfg = Unicode Debug Multithreaded|Win32
		{5749A37F-D844-AFD5-5C23-92AAA1192857}.Unicode Debug Multithreaded wmain|x64.ActiveCfg = Unicode Debug Multithreaded|x64
		{5749A37F-D844-AFD5-5C23-92AAA1192857}.Unicode Debug Multithreaded|Win32.ActiveCfg = Unicode Debug Multithreaded|Win32
		{5749A37F-D844-AFD5-5C23-92AAA1192857}.Unicode Debug Multithreaded|Win32.Build.0 = Unicode Debug Multithreaded|Win32
		{5749A37F-D844-AFD5-5C23-92AAA1192857}.Unicode Debug Multithreaded|x64.ActiveCfg = Unicode Debug Multithreaded|x64
		{5749A37F-D844-AFD5-5C23-92AAA1192857}.Unicode Debug Multithreaded|x64.Build.0 = Unicode Debug Multithreaded|x64
		{5749A37F-D844-AFD5-5C23-92AAA1192857}.Unicode Release Multithreaded wmain|Win32.ActiveCfg = Unicode Release Multithreaded|Win32
		{5749A37F-D844-AFD5-5C23-92AAA1192857}.Unicode Release Multithreaded wmain|x64.ActiveCfg = Unicode Release Multithreaded|x64
		{5749A37F-D844-AFD5-5C23-92AAA1192857}.Unicode Release Multithreaded|Win32.ActiveCfg = Unicode Release Multithreaded|Win32
		{5749A37F-D844-AFD5-5C23-92AAA1192857}.Unicode Release Multithreaded|Win32.Build.0 = Unicode Release Multithreaded|Win32
		{5749A37F-D844-AFD5-5C23-92AAA1192857}.Unicode Release Multithreaded|x64.ActiveCfg = Unicode Release Multithreaded|x64
		{5749A37F-D844-AFD5-5C23-92AAA1192857}.Unicode Release Multithreaded|x64.Build.0 = Unicode Release Multithreaded|x64
		{4CAE02FA-1859-968B-DF35-1AE25987CE90}.Debug Multithreaded DLL|Win32.ActiveCfg = Debug Multithreaded|Win32
		{4CAE02FA-1859-968B-DF35-1AE25987CE90}.Debug Multithreaded DLL|x64.ActiveCfg = Debug Multithreaded|x64
		{4CAE02FA-1859-968B-DF35-1AE25987CE90}.Debug Multithreaded|Win32.ActiveCfg = Debug Multithreaded|Win32
		{4CAE02FA-1859-968B-DF35-1AE25987CE90}.Debug Multithreaded|Win32.Build.0 = Debug Multithreaded|Win32
		{4CAE02FA-1859-968B-DF35-1AE25987CE90}.Debug Multithreaded|x64.ActiveCfg = Debug Multithreaded|x64
		{4CAE02FA-1859-968B-DF35-1AE25987CE90}.Debug Multithreaded|x64.Build.0 = Debug Multithreaded|x64
		{4CAE02FA-1859-968B-DF35-1AE25987CE90}.Release Multithreaded DLL|Win32.ActiveCfg = Release Multithreaded|Win32
		{4CAE02FA-1859-968B-DF35-1AE25987CE90}.Release Multithreaded DLL|x64.ActiveCfg = Release Multithreaded|x64
		{4CAE02FA-1859-968B-DF35-1AE25987CE90}.Release Multithreaded|Win32.ActiveCfg = Release Multithreaded|Win32
		{4CAE02FA-1859-968B-DF35-1AE25987CE90}.Release Multithreaded|Win32.Build.0 = Release Multithreaded|Win32
		{4CAE02FA-1859-968B-DF35-1AE25987CE90}.Release Multithreaded|x64.ActiveCfg = Release Multithreaded|x64
		{4CAE02FA-1859-968B-DF35-1AE25987CE90}.Release Multithreaded|x64.Build.0 = Release Multithreaded|x64
		{4CAE02FA-1859-968B-DF35-1AE25987CE90}.Unicode Debug Multithreaded wmain|Win32.ActiveCfg = Debug Multithreaded|Win32
		{4CAE02FA-1859-968B-DF35-1AE25987CE90}.Unicode Debug Multithreaded wmain|x64.ActiveCfg = Debug Multithreaded|x64
		{4CAE02FA-1859-968B-DF35-1AE25987CE90}.Unicode Debug Multithreaded|Win32.ActiveCfg = Debug Multithreaded|Win32
		{4CAE02FA-1859-968B-DF35-1AE25987CE90}.Unicode Debug Multithreaded|x64.ActiveCfg = Debug Multithreaded|x64
		{4CAE02FA-1859-968B-DF35-1AE25987CE90}.Unicode Release Multithreaded wmain|Win32.ActiveCfg = Release Multithreaded|Win32
		{4CAE02FA-1859-968B-DF35-1AE25987CE90}.Unicode Release Multithreaded wmain|x64.ActiveCfg = Release Multithreaded|x64
		{4CAE02FA-1859-968B-DF35-1AE25987CE90}.Unicode Release Multithreaded|Win32.ActiveCfg = Release Multithreaded|Win32
		{4CAE02FA-1859-968B-DF35-1AE25987CE90}.Unicode Release Multithreaded|x64.ActiveCfg = Release Multithreaded|x64
		{3FF90D09-ECBB-8530-5B70-F65629336673}.Debug Multithreaded DLL|Win32.ActiveCfg = Unicode Release Multithreaded|Win32
		{3FF90D09-ECBB-8530-5B70-F65629336673}.Debug Multithreaded DLL|x64.ActiveCfg = Unicode Release Multithreaded|x64
		{3FF90D09-ECBB-8530-5B70-F65629336673}.Debug Multithreaded|Win32.ActiveCfg = Unicode Debug Multithreaded|Win32
		{3FF90D09-ECBB-8530-5B70-F65629336673}.Debug Multithreaded|x64.ActiveCfg = Unicode Debug Multithreaded|x64
		{3FF90D09-ECBB-8530-5B70-F65629336673}.Release Multithreaded DLL|Win32.ActiveCfg = Unicode Release Multithreaded|Win32
		{3FF90D09-ECBB-8530-5B70-F65629336673}.Release Multithreaded DLL|x64.ActiveCfg = Unicode Release Multithreaded|x64
		{3FF90D09-ECBB-8530-5B70-F65629336673}.Release Multithreaded DLL|x64.Build.0 = Unicode Release Multithreaded|x64
		{3FF90D09-ECBB-8530-5B70-F65629336673}.Release Multithreaded|Win32.ActiveCfg = Unicode Release Multithreaded|Win32
		{3FF90D09-ECBB-8530-5B70-F65629336673}.Release Multithreaded|x64.ActiveCfg = Unicode Release Multithreaded|x64
		{3FF90D09-ECBB-8530-5B70-F65629336673}.Unicode Debug Multithreaded wmain|Win32.ActiveCfg = Unicode Debug Multithreaded wmain|Win32
		{3FF90D09-ECBB-8530-5B70-F65629336673}.Unicode Debug Multithreaded wmain|Win32.Build.0 = Unicode Debug Multithreaded wmain|Win32
		{3FF90D09-ECBB-8530-5B70-F65629336673}.Unicode Debug Multithreaded wmain|x64.ActiveCfg = Unicode Debug Multithreaded wmain|x64
		{3FF90D09-ECBB-8530-5B70-F65629336673}.Unicode Debug Multithreaded wmain|x64.Build.0 = Unicode Debug Multithreaded wmain|x64
		{3FF90D09-ECBB-8530-5B70-F65629336673}.Unicode Debug Multithreaded|Win32.ActiveCfg = Unicode Debug Multithreaded|Win32
		{3FF90D09-ECBB-8530-5B70-F65629336673}.Unicode Debug Multithreaded|Win32.Build.0 = Unicode Debug Multithreaded|Win32
		{3FF90D09-ECBB-8530-5B70-F65629336673}.Unicode Debug Multithreaded|x64.ActiveCfg = Unicode Debug Multithreaded|x64
		{3FF90D09-ECBB-8530-5B70-F65629336673}.Unicode Debug Multithreaded|x64.Build.0 = Unicode Debug Multithreaded|x64
		{3FF90D09-ECBB-8530-5B70-F65629336673}.Unicode Release Multithreaded wmain|Win32.ActiveCfg = Unicode Release Multithreaded wmain|Win32
		{3FF90D09-ECBB-8530-5B70-F65629336673}.Unicode Release Multithreaded wmain|Win32.Build.0 = Unicode Release Multithreaded wmain|Win32
		{3FF90D09-ECBB-8530-5B70-F65629336673}.Unicode Release Multithreaded wmain|x64.ActiveCfg = Unicode Release Multithreaded wmain|x64
		{3FF90D09-ECBB-8530-5B70-F65629336673}.Unicode Release Multithreaded wmain|x64.Build.0 = Unicode Release Multithreaded wmain|x64
		{3FF90D09-ECBB-8530-5B70-F65629336673}.Unicode Release Multithreaded|Win32.ActiveCfg = Unicode Release Multithreaded|Win32
		{3FF90D09-ECBB-8530-5B70-F65629336673}.Unicode Release Multithreaded|Win32.Build.0 = Unicode Release Multithreaded|Win32
		{3FF90D09-ECBB-8530-5B70-F65629336673}.Unicode Release Multithreaded|x64.ActiveCfg = Unicode Release Multithreaded|x64
		{3FF90D09-ECBB-8530-5B70-F65629336673}.Unicode Release Multithreaded|x64.Build.0 = Unicode Release Multithreaded|x64
	EndGlobalSection
	GlobalSection(SolutionProperties) = preSolution
		HideSolutionNode = FALSE
	EndGlobalSection
EndGlobal
