<?xml version="1.0" encoding="utf-8"?>
<Project ToolsVersion="4.0" xmlns="http://schemas.microsoft.com/developer/msbuild/2003">
  <ItemGroup>
    <Filter Include="Source Files">
      <UniqueIdentifier>{f4249264-515a-4b9e-91d0-2b45c27bae77}</UniqueIdentifier>
      <Extensions>cpp;c;cxx;rc;def;r;odl;idl;hpj;bat</Extensions>
    </Filter>
    <Filter Include="Header Files">
      <UniqueIdentifier>{5e906507-7ad1-4c51-9a22-a9f504eb3074}</UniqueIdentifier>
      <Extensions>h;hpp;hxx;hm;inl</Extensions>
    </Filter>
    <Filter Include="Header Files\Pantheios Header Files">
      <UniqueIdentifier>{496a5ce6-dcb3-45fb-9c5c-1d8697bcc8b9}</UniqueIdentifier>
    </Filter>
    <Filter Include="Header Files\Pantheios Header Files\Pantheios::Extras">
      <UniqueIdentifier>{ae458d23-dd7b-423a-a50a-5b9abb1184b5}</UniqueIdentifier>
    </Filter>
    <Filter Include="Header Files\Pantheios Header Files\Pantheios::Extras\Pantheios::Extras::Main">
      <UniqueIdentifier>{e82bac9b-206e-48a4-b0a6-1a0315c312ce}</UniqueIdentifier>
    </Filter>
    <Filter Include="Resource Files">
      <UniqueIdentifier>{fbee9e4f-a70a-4501-bb8b-9aba36451a94}</UniqueIdentifier>
      <Extensions>ico;cur;bmp;dlg;rc2;rct;bin;rgs;gif;jpg;jpeg;jpe</Extensions>
    </Filter>
  </ItemGroup>
  <ItemGroup>
    <ClCompile Include="..\implicit_link.cpp">
      <Filter>Source Files</Filter>
    </ClCompile>
    <ClCompile Include="..\test.unit.cpp.main.1.cpp">
      <Filter>Source Files</Filter>
    </ClCompile>
  </ItemGroup>
</Project>